
Microsoft Visual Studio Solution File, Format Version 12.00
# Visual Studio Version 17
VisualStudioVersion = 17.2.32602.215
MinimumVisualStudioVersion = 10.0.40219.1
Project("{FAE04EC0-301F-11D3-BF4B-00C04F79EFBC}") = "addressbook_tests_autoit", "addressbook_tests_autoit.csproj", "{DB70945F-79F4-4301-9E46-90D9C148E378}"
EndProject
Global
	GlobalSection(SolutionConfigurationPlatforms) = preSolution
		Debug|Any CPU = Debug|Any CPU
		Release|Any CPU = Release|Any CPU
	EndGlobalSection
	GlobalSection(ProjectConfigurationPlatforms) = postSolution
		{DB70945F-79F4-4301-9E46-90D9C148E378}.Debug|Any CPU.ActiveCfg = Debug|Any CPU
		{DB70945F-79F4-4301-9E46-90D9C148E378}.Debug|Any CPU.Build.0 = Debug|Any CPU
		{DB70945F-79F4-4301-9E46-90D9C148E378}.Release|Any CPU.ActiveCfg = Release|Any CPU
		{DB70945F-79F4-4301-9E46-90D9C148E378}.Release|Any CPU.Build.0 = Release|Any CPU
	EndGlobalSection
	GlobalSection(SolutionProperties) = preSolution
		HideSolutionNode = FALSE
	EndGlobalSection
	GlobalSection(ExtensibilityGlobals) = postSolution
		SolutionGuid = {CAEC3BE8-3B7A-4C38-87B8-A5AC9AE8486C}
	EndGlobalSection
EndGlobal
